
Microsoft Visual Studio Solution File, Format Version 12.00
# Visual Studio Version 17
VisualStudioVersion = 17.4.33213.308
MinimumVisualStudioVersion = 10.0.40219.1
Project("{FAE04EC0-301F-11D3-BF4B-00C04F79EFBC}") = "SAE_S4_MILIBOO", "SAE_S4_MILIBOO\SAE_S4_MILIBOO.csproj", "{5A86EF47-ED6A-437F-BE35-C62E7595DFFC}"
EndProject
Global
	GlobalSection(SolutionConfigurationPlatforms) = preSolution
		Debug|Any CPU = Debug|Any CPU
		Release|Any CPU = Release|Any CPU
	EndGlobalSection
	GlobalSection(ProjectConfigurationPlatforms) = postSolution
		{5A86EF47-ED6A-437F-BE35-C62E7595DFFC}.Debug|Any CPU.ActiveCfg = Debug|Any CPU
		{5A86EF47-ED6A-437F-BE35-C62E7595DFFC}.Debug|Any CPU.Build.0 = Debug|Any CPU
		{5A86EF47-ED6A-437F-BE35-C62E7595DFFC}.Release|Any CPU.ActiveCfg = Release|Any CPU
		{5A86EF47-ED6A-437F-BE35-C62E7595DFFC}.Release|Any CPU.Build.0 = Release|Any CPU
	EndGlobalSection
	GlobalSection(SolutionProperties) = preSolution
		HideSolutionNode = FALSE
	EndGlobalSection
	GlobalSection(ExtensibilityGlobals) = postSolution
		SolutionGuid = {E734A677-092A-4ECE-BCDA-F835A9AFF8A4}
	EndGlobalSection
EndGlobal
